
Microsoft Visual Studio Solution File, Format Version 12.00
# Visual Studio 2012
Project("{2150E333-8FDC-42A3-9474-1A3956D46DE8}") = "Core", "Core", "{689192BC-3071-4DD9-9252-E6158C710087}"
EndProject
Project("{FAE04EC0-301F-11D3-BF4B-00C04F79EFBC}") = "TheEvnt.Models", "TheEvnt.Models\TheEvnt.Models.csproj", "{52ED5B2A-0E6F-4E3A-B33F-172F39E80CB6}"
EndProject
Project("{FAE04EC0-301F-11D3-BF4B-00C04F79EFBC}") = "TheEvnt.Services", "TheEvnt.Services\TheEvnt.Services.csproj", "{DDF5BB61-B2A9-41E1-8888-A686232C7812}"
EndProject
Project("{FAE04EC0-301F-11D3-BF4B-00C04F79EFBC}") = "TheEvnt.ViewModels", "TheEvnt.ViewModels\TheEvnt.ViewModels.csproj", "{32871CD1-1200-4842-B5B1-CFCD10A081F3}"
EndProject
Project("{2150E333-8FDC-42A3-9474-1A3956D46DE8}") = "Android", "Android", "{EF48DFAA-101D-4477-BDF3-0825FADE03ED}"
EndProject
Project("{2150E333-8FDC-42A3-9474-1A3956D46DE8}") = "Core.Tests ", "Core.Tests ", "{127A4EB6-7BF7-4C6C-B970-6DD4CA2570D6}"
EndProject
Project("{FAE04EC0-301F-11D3-BF4B-00C04F79EFBC}") = "TheEvnt.Models.Tests", "TheEvent.ViewModels.Tests\TheEvnt.Models.Tests\TheEvnt.Models.Tests.csproj", "{BE511549-3106-49EC-8F0C-6A854D691B43}"
EndProject
Project("{FAE04EC0-301F-11D3-BF4B-00C04F79EFBC}") = "TheEvnt.Services.Tests", "TheEvent.ViewModels.Tests\TheEvnt.Models.Tests\TheEvnt.Services.Tests\TheEvnt.Services.Tests.csproj", "{7DB452E4-DAE2-404D-B23A-F3C84CB36C02}"
EndProject
Project("{FAE04EC0-301F-11D3-BF4B-00C04F79EFBC}") = "TheEvnt.ViewModels.Tests", "TheEvent.ViewModels.Tests\TheEvnt.Models.Tests\TheEvnt.ViewModels.Tests\TheEvnt.ViewModels.Tests.csproj", "{19353785-992E-4F35-9E83-BBEDEA27EED5}"
EndProject
Global
	GlobalSection(SolutionConfigurationPlatforms) = preSolution
		Debug|Any CPU = Debug|Any CPU
		Release|Any CPU = Release|Any CPU
	EndGlobalSection
	GlobalSection(ProjectConfigurationPlatforms) = postSolution
		{19353785-992E-4F35-9E83-BBEDEA27EED5}.Debug|Any CPU.ActiveCfg = Debug|Any CPU
		{19353785-992E-4F35-9E83-BBEDEA27EED5}.Debug|Any CPU.Build.0 = Debug|Any CPU
		{19353785-992E-4F35-9E83-BBEDEA27EED5}.Release|Any CPU.ActiveCfg = Release|Any CPU
		{19353785-992E-4F35-9E83-BBEDEA27EED5}.Release|Any CPU.Build.0 = Release|Any CPU
		{32871CD1-1200-4842-B5B1-CFCD10A081F3}.Debug|Any CPU.ActiveCfg = Debug|Any CPU
		{32871CD1-1200-4842-B5B1-CFCD10A081F3}.Debug|Any CPU.Build.0 = Debug|Any CPU
		{32871CD1-1200-4842-B5B1-CFCD10A081F3}.Release|Any CPU.ActiveCfg = Release|Any CPU
		{32871CD1-1200-4842-B5B1-CFCD10A081F3}.Release|Any CPU.Build.0 = Release|Any CPU
		{52ED5B2A-0E6F-4E3A-B33F-172F39E80CB6}.Debug|Any CPU.ActiveCfg = Debug|Any CPU
		{52ED5B2A-0E6F-4E3A-B33F-172F39E80CB6}.Debug|Any CPU.Build.0 = Debug|Any CPU
		{52ED5B2A-0E6F-4E3A-B33F-172F39E80CB6}.Release|Any CPU.ActiveCfg = Release|Any CPU
		{52ED5B2A-0E6F-4E3A-B33F-172F39E80CB6}.Release|Any CPU.Build.0 = Release|Any CPU
		{7DB452E4-DAE2-404D-B23A-F3C84CB36C02}.Debug|Any CPU.ActiveCfg = Debug|Any CPU
		{7DB452E4-DAE2-404D-B23A-F3C84CB36C02}.Debug|Any CPU.Build.0 = Debug|Any CPU
		{7DB452E4-DAE2-404D-B23A-F3C84CB36C02}.Release|Any CPU.ActiveCfg = Release|Any CPU
		{7DB452E4-DAE2-404D-B23A-F3C84CB36C02}.Release|Any CPU.Build.0 = Release|Any CPU
		{BE511549-3106-49EC-8F0C-6A854D691B43}.Debug|Any CPU.ActiveCfg = Debug|Any CPU
		{BE511549-3106-49EC-8F0C-6A854D691B43}.Debug|Any CPU.Build.0 = Debug|Any CPU
		{BE511549-3106-49EC-8F0C-6A854D691B43}.Release|Any CPU.ActiveCfg = Release|Any CPU
		{BE511549-3106-49EC-8F0C-6A854D691B43}.Release|Any CPU.Build.0 = Release|Any CPU
		{DDF5BB61-B2A9-41E1-8888-A686232C7812}.Debug|Any CPU.ActiveCfg = Debug|Any CPU
		{DDF5BB61-B2A9-41E1-8888-A686232C7812}.Debug|Any CPU.Build.0 = Debug|Any CPU
		{DDF5BB61-B2A9-41E1-8888-A686232C7812}.Release|Any CPU.ActiveCfg = Release|Any CPU
		{DDF5BB61-B2A9-41E1-8888-A686232C7812}.Release|Any CPU.Build.0 = Release|Any CPU
	EndGlobalSection
	GlobalSection(NestedProjects) = preSolution
		{52ED5B2A-0E6F-4E3A-B33F-172F39E80CB6} = {689192BC-3071-4DD9-9252-E6158C710087}
		{DDF5BB61-B2A9-41E1-8888-A686232C7812} = {689192BC-3071-4DD9-9252-E6158C710087}
		{32871CD1-1200-4842-B5B1-CFCD10A081F3} = {689192BC-3071-4DD9-9252-E6158C710087}
		{BE511549-3106-49EC-8F0C-6A854D691B43} = {127A4EB6-7BF7-4C6C-B970-6DD4CA2570D6}
		{7DB452E4-DAE2-404D-B23A-F3C84CB36C02} = {127A4EB6-7BF7-4C6C-B970-6DD4CA2570D6}
		{19353785-992E-4F35-9E83-BBEDEA27EED5} = {127A4EB6-7BF7-4C6C-B970-6DD4CA2570D6}
	EndGlobalSection
EndGlobal
